
Microsoft Visual Studio Solution File, Format Version 12.00
# Visual Studio Version 16
VisualStudioVersion = 16.0.29326.143
MinimumVisualStudioVersion = 10.0.40219.1
Project("{FAE04EC0-301F-11D3-BF4B-00C04F79EFBC}") = "PollifyBackend", "PollifyBackend\PollifyBackend.csproj", "{7C4BF66B-8617-4C1A-9FA7-9B872BF920C1}"
EndProject
Global
	GlobalSection(SolutionConfigurationPlatforms) = preSolution
		Debug|Any CPU = Debug|Any CPU
		Release|Any CPU = Release|Any CPU
	EndGlobalSection
	GlobalSection(ProjectConfigurationPlatforms) = postSolution
		{7C4BF66B-8617-4C1A-9FA7-9B872BF920C1}.Debug|Any CPU.ActiveCfg = Debug|Any CPU
		{7C4BF66B-8617-4C1A-9FA7-9B872BF920C1}.Debug|Any CPU.Build.0 = Debug|Any CPU
		{7C4BF66B-8617-4C1A-9FA7-9B872BF920C1}.Release|Any CPU.ActiveCfg = Release|Any CPU
		{7C4BF66B-8617-4C1A-9FA7-9B872BF920C1}.Release|Any CPU.Build.0 = Release|Any CPU
	EndGlobalSection
	GlobalSection(SolutionProperties) = preSolution
		HideSolutionNode = FALSE
	EndGlobalSection
	GlobalSection(ExtensibilityGlobals) = postSolution
		SolutionGuid = {EEF76BDC-CE71-46E4-AC07-FBF2C4E92B2C}
	EndGlobalSection
EndGlobal
